
Microsoft Visual Studio Solution File, Format Version 12.00
# Visual Studio 15
VisualStudioVersion = 15.0.28307.572
MinimumVisualStudioVersion = 10.0.40219.1
Project("{FAE04EC0-301F-11D3-BF4B-00C04F79EFBC}") = "audioManager", "audioManager\audioManager.csproj", "{ADEC0A21-4754-4C14-9F7A-9D50993E4B52}"
EndProject
Global
	GlobalSection(SolutionConfigurationPlatforms) = preSolution
		Debug|Any CPU = Debug|Any CPU
		Release|Any CPU = Release|Any CPU
	EndGlobalSection
	GlobalSection(ProjectConfigurationPlatforms) = postSolution
		{ADEC0A21-4754-4C14-9F7A-9D50993E4B52}.Debug|Any CPU.ActiveCfg = Debug|Any CPU
		{ADEC0A21-4754-4C14-9F7A-9D50993E4B52}.Debug|Any CPU.Build.0 = Debug|Any CPU
		{ADEC0A21-4754-4C14-9F7A-9D50993E4B52}.Release|Any CPU.ActiveCfg = Release|Any CPU
		{ADEC0A21-4754-4C14-9F7A-9D50993E4B52}.Release|Any CPU.Build.0 = Release|Any CPU
	EndGlobalSection
	GlobalSection(SolutionProperties) = preSolution
		HideSolutionNode = FALSE
	EndGlobalSection
	GlobalSection(ExtensibilityGlobals) = postSolution
		SolutionGuid = {BC5852D5-7F16-4DA2-8508-DEB18ECE0B1D}
	EndGlobalSection
EndGlobal
